
Microsoft Visual Studio Solution File, Format Version 12.00
# Visual Studio Version 17
VisualStudioVersion = 17.11.35327.3
MinimumVisualStudioVersion = 10.0.40219.1
Project("{FAE04EC0-301F-11D3-BF4B-00C04F79EFBC}") = "Inventory Management System", "Inventory Management System.csproj", "{5C44D5BA-D722-4D19-86EC-231084F13785}"
EndProject
Global
	GlobalSection(SolutionConfigurationPlatforms) = preSolution
		Debug|Any CPU = Debug|Any CPU
		Release|Any CPU = Release|Any CPU
	EndGlobalSection
	GlobalSection(ProjectConfigurationPlatforms) = postSolution
		{5C44D5BA-D722-4D19-86EC-231084F13785}.Debug|Any CPU.ActiveCfg = Debug|Any CPU
		{5C44D5BA-D722-4D19-86EC-231084F13785}.Debug|Any CPU.Build.0 = Debug|Any CPU
		{5C44D5BA-D722-4D19-86EC-231084F13785}.Release|Any CPU.ActiveCfg = Release|Any CPU
		{5C44D5BA-D722-4D19-86EC-231084F13785}.Release|Any CPU.Build.0 = Release|Any CPU
	EndGlobalSection
	GlobalSection(SolutionProperties) = preSolution
		HideSolutionNode = FALSE
	EndGlobalSection
	GlobalSection(ExtensibilityGlobals) = postSolution
		SolutionGuid = {502E896D-4A18-4530-B6BF-7D06805352BC}
	EndGlobalSection
EndGlobal
